
Microsoft Visual Studio Solution File, Format Version 12.00
# Visual Studio Version 16
VisualStudioVersion = 25.0.1705.2
MinimumVisualStudioVersion = 10.0.40219.1
Project("{FAE04EC0-301F-11D3-BF4B-00C04F79EFBC}") = "Domain.UnitTests", "Domain.UnitTests.csproj", "{91E27EBD-B7A4-4B97-9222-72B2DA298F0B}"
EndProject
Global
	GlobalSection(SolutionConfigurationPlatforms) = preSolution
		Debug|Any CPU = Debug|Any CPU
		Release|Any CPU = Release|Any CPU
	EndGlobalSection
	GlobalSection(ProjectConfigurationPlatforms) = postSolution
		{91E27EBD-B7A4-4B97-9222-72B2DA298F0B}.Debug|Any CPU.ActiveCfg = Debug|Any CPU
		{91E27EBD-B7A4-4B97-9222-72B2DA298F0B}.Debug|Any CPU.Build.0 = Debug|Any CPU
		{91E27EBD-B7A4-4B97-9222-72B2DA298F0B}.Release|Any CPU.ActiveCfg = Release|Any CPU
		{91E27EBD-B7A4-4B97-9222-72B2DA298F0B}.Release|Any CPU.Build.0 = Release|Any CPU
	EndGlobalSection
	GlobalSection(SolutionProperties) = preSolution
		HideSolutionNode = FALSE
	EndGlobalSection
	GlobalSection(ExtensibilityGlobals) = postSolution
		SolutionGuid = {3545CE7A-F500-4E2D-AD4C-93A6FC8D746E}
	EndGlobalSection
EndGlobal
