
Microsoft Visual Studio Solution File, Format Version 12.00
# Visual Studio Version 16
VisualStudioVersion = 25.0.1705.0
MinimumVisualStudioVersion = 10.0.40219.1
Project("{2150E333-8FDC-42A3-9474-1A3956D46DE8}") = "src", "src", "{48886E76-EC34-4712-9935-E6F9F8D6F50C}"
EndProject
Project("{2150E333-8FDC-42A3-9474-1A3956D46DE8}") = "tests", "tests", "{721ECB3B-3BDA-4A1B-9916-A239DAC1D49A}"
EndProject
Project("{2150E333-8FDC-42A3-9474-1A3956D46DE8}") = "Application", "Application", "{3D1B1BC0-5FC8-4516-A5FC-ECC67255FAD5}"
EndProject
Project("{2150E333-8FDC-42A3-9474-1A3956D46DE8}") = "Domain", "Domain", "{55742699-0F05-44D4-B356-1F6371343695}"
EndProject
Project("{2150E333-8FDC-42A3-9474-1A3956D46DE8}") = "Infrastructure", "Infrastructure", "{6B0D256D-18F8-439C-9CA1-A0517271C799}"
EndProject
Project("{FAE04EC0-301F-11D3-BF4B-00C04F79EFBC}") = "AuthenticationAPI.Application", "src\Application\AuthenticationAPI.Application\AuthenticationAPI.Application.csproj", "{892DA830-DFC8-4018-A08B-864A0CD2CEDF}"
EndProject
Project("{FAE04EC0-301F-11D3-BF4B-00C04F79EFBC}") = "AuthenticationAPI.Domain", "src\Domain\AuthenticationAPI.Domain\AuthenticationAPI.Domain.csproj", "{289AB04E-47A8-4D94-9DE7-9CB1042CC611}"
EndProject
Project("{FAE04EC0-301F-11D3-BF4B-00C04F79EFBC}") = "AuthenticationAPI.Infrastructure", "src\Infrastructure\AuthenticationAPI.Infrastructure\AuthenticationAPI.Infrastructure.csproj", "{6DDB31D8-6950-4927-A0B2-8D780AE98A4A}"
EndProject
Project("{FAE04EC0-301F-11D3-BF4B-00C04F79EFBC}") = "AuthenticationAPI.Application.IntegrationTests", "tests\AuthenticationAPI.Application.IntegrationTests\AuthenticationAPI.Application.IntegrationTests.csproj", "{95EB206C-53FE-4262-99F5-A54C8DA41C2F}"
EndProject
Project("{FAE04EC0-301F-11D3-BF4B-00C04F79EFBC}") = "AuthenticationAPI.Domain.UnitTests", "tests\AuthenticationAPI.Domain.UnitTests\AuthenticationAPI.Domain.UnitTests.csproj", "{740AF1F5-A2B0-4C9A-821A-DAFC48B8B1A8}"
EndProject
Global
	GlobalSection(SolutionConfigurationPlatforms) = preSolution
		Debug|Any CPU = Debug|Any CPU
		Release|Any CPU = Release|Any CPU
	EndGlobalSection
	GlobalSection(SolutionProperties) = preSolution
		HideSolutionNode = FALSE
	EndGlobalSection
	GlobalSection(ExtensibilityGlobals) = postSolution
		SolutionGuid = {216590E9-A3B1-4E47-9DEC-72BCDF361866}
	EndGlobalSection
	GlobalSection(ProjectConfigurationPlatforms) = postSolution
		{892DA830-DFC8-4018-A08B-864A0CD2CEDF}.Debug|Any CPU.ActiveCfg = Debug|Any CPU
		{892DA830-DFC8-4018-A08B-864A0CD2CEDF}.Debug|Any CPU.Build.0 = Debug|Any CPU
		{892DA830-DFC8-4018-A08B-864A0CD2CEDF}.Release|Any CPU.ActiveCfg = Release|Any CPU
		{892DA830-DFC8-4018-A08B-864A0CD2CEDF}.Release|Any CPU.Build.0 = Release|Any CPU
		{289AB04E-47A8-4D94-9DE7-9CB1042CC611}.Debug|Any CPU.ActiveCfg = Debug|Any CPU
		{289AB04E-47A8-4D94-9DE7-9CB1042CC611}.Debug|Any CPU.Build.0 = Debug|Any CPU
		{289AB04E-47A8-4D94-9DE7-9CB1042CC611}.Release|Any CPU.ActiveCfg = Release|Any CPU
		{289AB04E-47A8-4D94-9DE7-9CB1042CC611}.Release|Any CPU.Build.0 = Release|Any CPU
		{6DDB31D8-6950-4927-A0B2-8D780AE98A4A}.Debug|Any CPU.ActiveCfg = Debug|Any CPU
		{6DDB31D8-6950-4927-A0B2-8D780AE98A4A}.Debug|Any CPU.Build.0 = Debug|Any CPU
		{6DDB31D8-6950-4927-A0B2-8D780AE98A4A}.Release|Any CPU.ActiveCfg = Release|Any CPU
		{6DDB31D8-6950-4927-A0B2-8D780AE98A4A}.Release|Any CPU.Build.0 = Release|Any CPU
		{95EB206C-53FE-4262-99F5-A54C8DA41C2F}.Debug|Any CPU.ActiveCfg = Debug|Any CPU
		{95EB206C-53FE-4262-99F5-A54C8DA41C2F}.Debug|Any CPU.Build.0 = Debug|Any CPU
		{95EB206C-53FE-4262-99F5-A54C8DA41C2F}.Release|Any CPU.ActiveCfg = Release|Any CPU
		{95EB206C-53FE-4262-99F5-A54C8DA41C2F}.Release|Any CPU.Build.0 = Release|Any CPU
		{740AF1F5-A2B0-4C9A-821A-DAFC48B8B1A8}.Debug|Any CPU.ActiveCfg = Debug|Any CPU
		{740AF1F5-A2B0-4C9A-821A-DAFC48B8B1A8}.Debug|Any CPU.Build.0 = Debug|Any CPU
		{740AF1F5-A2B0-4C9A-821A-DAFC48B8B1A8}.Release|Any CPU.ActiveCfg = Release|Any CPU
		{740AF1F5-A2B0-4C9A-821A-DAFC48B8B1A8}.Release|Any CPU.Build.0 = Release|Any CPU
	EndGlobalSection
	GlobalSection(NestedProjects) = preSolution
		{3D1B1BC0-5FC8-4516-A5FC-ECC67255FAD5} = {48886E76-EC34-4712-9935-E6F9F8D6F50C}
		{55742699-0F05-44D4-B356-1F6371343695} = {48886E76-EC34-4712-9935-E6F9F8D6F50C}
		{6B0D256D-18F8-439C-9CA1-A0517271C799} = {48886E76-EC34-4712-9935-E6F9F8D6F50C}
		{892DA830-DFC8-4018-A08B-864A0CD2CEDF} = {3D1B1BC0-5FC8-4516-A5FC-ECC67255FAD5}
		{289AB04E-47A8-4D94-9DE7-9CB1042CC611} = {55742699-0F05-44D4-B356-1F6371343695}
		{6DDB31D8-6950-4927-A0B2-8D780AE98A4A} = {6B0D256D-18F8-439C-9CA1-A0517271C799}
		{95EB206C-53FE-4262-99F5-A54C8DA41C2F} = {721ECB3B-3BDA-4A1B-9916-A239DAC1D49A}
		{740AF1F5-A2B0-4C9A-821A-DAFC48B8B1A8} = {721ECB3B-3BDA-4A1B-9916-A239DAC1D49A}
	EndGlobalSection
EndGlobal
